
Microsoft Visual Studio Solution File, Format Version 12.00
# Visual Studio Version 17
VisualStudioVersion = 17.14.36717.8 d17.14
MinimumVisualStudioVersion = 10.0.40219.1
Project("{00D1A9C2-B5F0-4AF3-8072-F6C62B433612}") = "ZaawansowaneBazyDanych", "ZaawansowaneBazyDanych\ZaawansowaneBazyDanych.sqlproj", "{9BCC517A-CA1D-4D54-84EB-8522E804B01E}"
EndProject
Global
	GlobalSection(SolutionConfigurationPlatforms) = preSolution
		Debug|Any CPU = Debug|Any CPU
		Release|Any CPU = Release|Any CPU
	EndGlobalSection
	GlobalSection(ProjectConfigurationPlatforms) = postSolution
		{9BCC517A-CA1D-4D54-84EB-8522E804B01E}.Debug|Any CPU.ActiveCfg = Debug|Any CPU
		{9BCC517A-CA1D-4D54-84EB-8522E804B01E}.Debug|Any CPU.Build.0 = Debug|Any CPU
		{9BCC517A-CA1D-4D54-84EB-8522E804B01E}.Debug|Any CPU.Deploy.0 = Debug|Any CPU
		{9BCC517A-CA1D-4D54-84EB-8522E804B01E}.Release|Any CPU.ActiveCfg = Release|Any CPU
		{9BCC517A-CA1D-4D54-84EB-8522E804B01E}.Release|Any CPU.Build.0 = Release|Any CPU
		{9BCC517A-CA1D-4D54-84EB-8522E804B01E}.Release|Any CPU.Deploy.0 = Release|Any CPU
	EndGlobalSection
	GlobalSection(SolutionProperties) = preSolution
		HideSolutionNode = FALSE
	EndGlobalSection
	GlobalSection(ExtensibilityGlobals) = postSolution
		SolutionGuid = {92407322-43BF-42FC-BE79-DE204FC879D8}
	EndGlobalSection
EndGlobal
